{
  "name": "test",
  "version": "1.0.0",
  "lockfileVersion": 1,
  "requires": true,
  "dependencies": {
    "csv-table-parser": {
      "version": "1.1.1",
      "resolved": "https://registry.npmjs.org/csv-table-parser/-/csv-table-parser-1.1.1.tgz",
      "integrity": "sha512-pHfayCyY6MfadVz7CRw8xOetT9Fy2GFsK4tYjO4noOn0bjTQ3aN/B9j4PCnNV0OhsPudzMSc1D46JzFm3AF3+Q==",
      "requires": {
        "is-number": "^4.0.0"
      }
    },
    "data-uri-to-buffer": {
      "version": "4.0.0",
      "resolved": "https://registry.npmjs.org/data-uri-to-buffer/-/data-uri-to-buffer-4.0.0.tgz",
      "integrity": "sha512-Vr3mLBA8qWmcuschSLAOogKgQ/Jwxulv3RNE4FXnYWRGujzrRWQI4m12fQqRkwX06C0KanhLr4hK+GydchZsaA=="
    },
    "email-validator": {
      "version": "2.0.4",
      "resolved": "https://registry.npmjs.org/email-validator/-/email-validator-2.0.4.tgz",
      "integrity": "sha512-gYCwo7kh5S3IDyZPLZf6hSS0MnZT8QmJFqYvbqlDZSbwdZlY6QZWxJ4i/6UhITOJ4XzyI647Bm2MXKCLqnJ4nQ=="
    },
    "fetch-blob": {
      "version": "3.1.4",
      "resolved": "https://registry.npmjs.org/fetch-blob/-/fetch-blob-3.1.4.tgz",
      "integrity": "sha512-Eq5Xv5+VlSrYWEqKrusxY1C3Hm/hjeAsCGVG3ft7pZahlUAChpGZT/Ms1WmSLnEAisEXszjzu/s+ce6HZB2VHA==",
      "requires": {
        "node-domexception": "^1.0.0",
        "web-streams-polyfill": "^3.0.3"
      }
    },
    "formdata-polyfill": {
      "version": "4.0.10",
      "resolved": "https://registry.npmjs.org/formdata-polyfill/-/formdata-polyfill-4.0.10.tgz",
      "integrity": "sha512-buewHzMvYL29jdeQTVILecSaZKnt/RJWjoZCF5OW60Z67/GmSLBkOFM7qh1PI3zFNtJbaZL5eQu1vLfazOwj4g==",
      "requires": {
        "fetch-blob": "^3.1.2"
      }
    },
    "is-number": {
      "version": "4.0.0",
      "resolved": "https://registry.npmjs.org/is-number/-/is-number-4.0.0.tgz",
      "integrity": "sha512-rSklcAIlf1OmFdyAqbnWTLVelsQ58uvZ66S/ZyawjWqIviTWCjg2PzVGw8WUA+nNuPTqb4wgA+NszrJ+08LlgQ=="
    },
    "logger": {
      "version": "0.0.1",
      "resolved": "https://registry.npmjs.org/logger/-/logger-0.0.1.tgz",
      "integrity": "sha1-ywgXH4pvb2dLhJna31C+1L77csQ="
    },
    "node-domexception": {
      "version": "1.0.0",
      "resolved": "https://registry.npmjs.org/node-domexception/-/node-domexception-1.0.0.tgz",
      "integrity": "sha512-/jKZoMpw0F8GRwl4/eLROPA3cfcXtLApP0QzLmUT/HuPCZWyB7IY9ZrMeKw2O/nFIqPQB3PVM9aYm0F312AXDQ=="
    },
    "node-fetch": {
      "version": "3.1.1",
      "resolved": "https://registry.npmjs.org/node-fetch/-/node-fetch-3.1.1.tgz",
      "integrity": "sha512-SMk+vKgU77PYotRdWzqZGTZeuFKlsJ0hu4KPviQKkfY+N3vn2MIzr0rvpnYpR8MtB3IEuhlEcuOLbGvLRlA+yg==",
      "requires": {
        "data-uri-to-buffer": "^4.0.0",
        "fetch-blob": "^3.1.3",
        "formdata-polyfill": "^4.0.10"
      }
    },
    "node-filter-async": {
      "version": "1.1.1",
      "resolved": "https://registry.npmjs.org/node-filter-async/-/node-filter-async-1.1.1.tgz",
      "integrity": "sha512-phzJ9zbUddUJh1rEuse8lB4fRhroRmFoUoPL6NFtEEWTwxbAyz1maaLqxdAkXGNGZZtjVfoCERoUfcx6m5P+fw=="
    },
    "web-streams-polyfill": {
      "version": "3.2.0",
      "resolved": "https://registry.npmjs.org/web-streams-polyfill/-/web-streams-polyfill-3.2.0.tgz",
      "integrity": "sha512-EqPmREeOzttaLRm5HS7io98goBgZ7IVz79aDvqjD0kYXLtFZTc0T/U6wHTPKyIjb+MdN7DFIIX6hgdBEpWmfPA=="
    }
  }
}
