{
  "name": "test",
  "version": "1.0.0",
  "lockfileVersion": 1,
  "requires": true,
  "dependencies": {
    "csv-table-parser": {
      "version": "1.1.1",
      "resolved": "https://registry.npmjs.org/csv-table-parser/-/csv-table-parser-1.1.1.tgz",
      "integrity": "sha512-pHfayCyY6MfadVz7CRw8xOetT9Fy2GFsK4tYjO4noOn0bjTQ3aN/B9j4PCnNV0OhsPudzMSc1D46JzFm3AF3+Q==",
      "requires": {
        "is-number": "^4.0.0"
      }
    },
    "email-validator": {
      "version": "2.0.4",
      "resolved": "https://registry.npmjs.org/email-validator/-/email-validator-2.0.4.tgz",
      "integrity": "sha512-gYCwo7kh5S3IDyZPLZf6hSS0MnZT8QmJFqYvbqlDZSbwdZlY6QZWxJ4i/6UhITOJ4XzyI647Bm2MXKCLqnJ4nQ=="
    },
    "is-number": {
      "version": "4.0.0",
      "resolved": "https://registry.npmjs.org/is-number/-/is-number-4.0.0.tgz",
      "integrity": "sha512-rSklcAIlf1OmFdyAqbnWTLVelsQ58uvZ66S/ZyawjWqIviTWCjg2PzVGw8WUA+nNuPTqb4wgA+NszrJ+08LlgQ=="
    },
    "logger": {
      "version": "0.0.1",
      "resolved": "https://registry.npmjs.org/logger/-/logger-0.0.1.tgz",
      "integrity": "sha1-ywgXH4pvb2dLhJna31C+1L77csQ="
    },
    "node-fetch": {
      "version": "2.3.0",
      "resolved": "https://registry.npmjs.org/node-fetch/-/node-fetch-2.3.0.tgz",
      "integrity": "sha512-MOd8pV3fxENbryESLgVIeaGKrdl+uaYhCSSVkjeOb/31/njTpcis5aWfdqgNlHIrKOLRbMnfPINPOML2CIFeXA=="
    },
    "node-filter-async": {
      "version": "1.1.1",
      "resolved": "https://registry.npmjs.org/node-filter-async/-/node-filter-async-1.1.1.tgz",
      "integrity": "sha512-phzJ9zbUddUJh1rEuse8lB4fRhroRmFoUoPL6NFtEEWTwxbAyz1maaLqxdAkXGNGZZtjVfoCERoUfcx6m5P+fw=="
    }
  }
}
